
Microsoft Visual Studio Solution File, Format Version 12.00
# Visual Studio Version 16
VisualStudioVersion = 16.0.28803.452
MinimumVisualStudioVersion = 10.0.40219.1
Project("{FAE04EC0-301F-11D3-BF4B-00C04F79EFBC}") = "ExampleFunctionProject", "ExampleFunctionProject\ExampleFunctionProject.csproj", "{3588C349-35C9-4325-AE6C-65A5EC2E3C2C}"
EndProject
Global
	GlobalSection(SolutionConfigurationPlatforms) = preSolution
		Debug|Any CPU = Debug|Any CPU
		Release|Any CPU = Release|Any CPU
	EndGlobalSection
	GlobalSection(ProjectConfigurationPlatforms) = postSolution
		{3588C349-35C9-4325-AE6C-65A5EC2E3C2C}.Debug|Any CPU.ActiveCfg = Debug|Any CPU
		{3588C349-35C9-4325-AE6C-65A5EC2E3C2C}.Debug|Any CPU.Build.0 = Debug|Any CPU
		{3588C349-35C9-4325-AE6C-65A5EC2E3C2C}.Release|Any CPU.ActiveCfg = Release|Any CPU
		{3588C349-35C9-4325-AE6C-65A5EC2E3C2C}.Release|Any CPU.Build.0 = Release|Any CPU
	EndGlobalSection
	GlobalSection(SolutionProperties) = preSolution
		HideSolutionNode = FALSE
	EndGlobalSection
	GlobalSection(ExtensibilityGlobals) = postSolution
		SolutionGuid = {C38D4543-EFE3-4376-B0F8-9B099E68010D}
	EndGlobalSection
EndGlobal
